// !$*UTF8*$!
{
	archiveVersion = 1;
	classes = {
	};
	objectVersion = 77;
	objects = {

/* Begin PBXContainerItemProxy section */
		A85F3B0B2CACFD52004D086B /* PBXContainerItemProxy */ = {
			isa = PBXContainerItemProxy;
			containerPortal = A85F3AF22CACFD4F004D086B /* Project object */;
			proxyType = 1;
			remoteGlobalIDString = A85F3AF92CACFD4F004D086B;
			remoteInfo = StepAtlas;
		};
		A85F3B152CACFD52004D086B /* PBXContainerItemProxy */ = {
			isa = PBXContainerItemProxy;
			containerPortal = A85F3AF22CACFD4F004D086B /* Project object */;
			proxyType = 1;
			remoteGlobalIDString = A85F3AF92CACFD4F004D086B;
			remoteInfo = StepAtlas;
		};
/* End PBXContainerItemProxy section */

/* Begin PBXFileReference section */
		A85F3AFA2CACFD4F004D086B /* StepAtlas.app */ = {isa = PBXFileReference; explicitFileType = wrapper.application; includeInIndex = 0; path = StepAtlas.app; sourceTree = BUILT_PRODUCTS_DIR; };
		A85F3B0A2CACFD52004D086B /* StepAtlasTests.xctest */ = {isa = PBXFileReference; explicitFileType = wrapper.cfbundle; includeInIndex = 0; path = StepAtlasTests.xctest; sourceTree = BUILT_PRODUCTS_DIR; };
		A85F3B142CACFD52004D086B /* StepAtlasUITests.xctest */ = {isa = PBXFileReference; explicitFileType = wrapper.cfbundle; includeInIndex = 0; path = StepAtlasUITests.xctest; sourceTree = BUILT_PRODUCTS_DIR; };
/* End PBXFileReference section */

/* Begin PBXFileSystemSynchronizedRootGroup section */
		A85F3AFC2CACFD4F004D086B /* StepAtlas */ = {
			isa = PBXFileSystemSynchronizedRootGroup;
			path = StepAtlas;
			sourceTree = "<group>";
		};
		A85F3B0D2CACFD52004D086B /* StepAtlasTests */ = {
			isa = PBXFileSystemSynchronizedRootGroup;
			path = StepAtlasTests;
			sourceTree = "<group>";
		};
		A85F3B172CACFD52004D086B /* StepAtlasUITests */ = {
			isa = PBXFileSystemSynchronizedRootGroup;
			path = StepAtlasUITests;
			sourceTree = "<group>";
		};
/* End PBXFileSystemSynchronizedRootGroup section */

/* Begin PBXFrameworksBuildPhase section */
		A85F3AF72CACFD4F004D086B /* Frameworks */ = {
			isa = PBXFrameworksBuildPhase;
			buildActionMask = 2147483647;
			files = (
			);
			runOnlyForDeploymentPostprocessing = 0;
		};
		A85F3B072CACFD52004D086B /* Frameworks */ = {
			isa = PBXFrameworksBuildPhase;
			buildActionMask = 2147483647;
			files = (
			);
			runOnlyForDeploymentPostprocessing = 0;
		};
		A85F3B112CACFD52004D086B /* Frameworks */ = {
			isa = PBXFrameworksBuildPhase;
			buildActionMask = 2147483647;
			files = (
			);
			runOnlyForDeploymentPostprocessing = 0;
		};
/* End PBXFrameworksBuildPhase section */

/* Begin PBXGroup section */
		A85F3AF12CACFD4F004D086B = {
			isa = PBXGroup;
			children = (
				A85F3AFC2CACFD4F004D086B /* StepAtlas */,
				A85F3B0D2CACFD52004D086B /* StepAtlasTests */,
				A85F3B172CACFD52004D086B /* StepAtlasUITests */,
				A85F3AFB2CACFD4F004D086B /* Products */,
			);
			sourceTree = "<group>";
		};
		A85F3AFB2CACFD4F004D086B /* Products */ = {
			isa = PBXGroup;
			children = (
				A85F3AFA2CACFD4F004D086B /* StepAtlas.app */,
				A85F3B0A2CACFD52004D086B /* StepAtlasTests.xctest */,
				A85F3B142CACFD52004D086B /* StepAtlasUITests.xctest */,
			);
			name = Products;
			sourceTree = "<group>";
		};
/* End PBXGroup section */

/* Begin PBXNativeTarget section */
		A85F3AF92CACFD4F004D086B /* StepAtlas */ = {
			isa = PBXNativeTarget;
			buildConfigurationList = A85F3B1E2CACFD52004D086B /* Build configuration list for PBXNativeTarget "StepAtlas" */;
			buildPhases = (
				A85F3AF62CACFD4F004D086B /* Sources */,
				A85F3AF72CACFD4F004D086B /* Frameworks */,
				A85F3AF82CACFD4F004D086B /* Resources */,
			);
			buildRules = (
			);
			dependencies = (
			);
			fileSystemSynchronizedGroups = (
				A85F3AFC2CACFD4F004D086B /* StepAtlas */,
			);
			name = StepAtlas;
			packageProductDependencies = (
			);
			productName = StepAtlas;
			productReference = A85F3AFA2CACFD4F004D086B /* StepAtlas.app */;
			productType = "com.apple.product-type.application";
		};
		A85F3B092CACFD52004D086B /* StepAtlasTests */ = {
			isa = PBXNativeTarget;
			buildConfigurationList = A85F3B212CACFD52004D086B /* Build configuration list for PBXNativeTarget "StepAtlasTests" */;
			buildPhases = (
				A85F3B062CACFD52004D086B /* Sources */,
				A85F3B072CACFD52004D086B /* Frameworks */,
				A85F3B082CACFD52004D086B /* Resources */,
			);
			buildRules = (
			);
			dependencies = (
				A85F3B0C2CACFD52004D086B /* PBXTargetDependency */,
			);
			fileSystemSynchronizedGroups = (
				A85F3B0D2CACFD52004D086B /* StepAtlasTests */,
			);
			name = StepAtlasTests;
			packageProductDependencies = (
			);
			productName = StepAtlasTests;
			productReference = A85F3B0A2CACFD52004D086B /* StepAtlasTests.xctest */;
			productType = "com.apple.product-type.bundle.unit-test";
		};
		A85F3B132CACFD52004D086B /* StepAtlasUITests */ = {
			isa = PBXNativeTarget;
			buildConfigurationList = A85F3B242CACFD52004D086B /* Build configuration list for PBXNativeTarget "StepAtlasUITests" */;
			buildPhases = (
				A85F3B102CACFD52004D086B /* Sources */,
				A85F3B112CACFD52004D086B /* Frameworks */,
				A85F3B122CACFD52004D086B /* Resources */,
			);
			buildRules = (
			);
			dependencies = (
				A85F3B162CACFD52004D086B /* PBXTargetDependency */,
			);
			fileSystemSynchronizedGroups = (
				A85F3B172CACFD52004D086B /* StepAtlasUITests */,
			);
			name = StepAtlasUITests;
			packageProductDependencies = (
			);
			productName = StepAtlasUITests;
			productReference = A85F3B142CACFD52004D086B /* StepAtlasUITests.xctest */;
			productType = "com.apple.product-type.bundle.ui-testing";
		};
/* End PBXNativeTarget section */

/* Begin PBXProject section */
		A85F3AF22CACFD4F004D086B /* Project object */ = {
			isa = PBXProject;
			attributes = {
				BuildIndependentTargetsInParallel = 1;
				LastSwiftUpdateCheck = 1600;
				LastUpgradeCheck = 1600;
				TargetAttributes = {
					A85F3AF92CACFD4F004D086B = {
						CreatedOnToolsVersion = 16.0;
					};
					A85F3B092CACFD52004D086B = {
						CreatedOnToolsVersion = 16.0;
						TestTargetID = A85F3AF92CACFD4F004D086B;
					};
					A85F3B132CACFD52004D086B = {
						CreatedOnToolsVersion = 16.0;
						TestTargetID = A85F3AF92CACFD4F004D086B;
					};
				};
			};
			buildConfigurationList = A85F3AF52CACFD4F004D086B /* Build configuration list for PBXProject "StepAtlas" */;
			developmentRegion = en;
			hasScannedForEncodings = 0;
			knownRegions = (
				en,
				Base,
			);
			mainGroup = A85F3AF12CACFD4F004D086B;
			minimizedProjectReferenceProxies = 1;
			preferredProjectObjectVersion = 77;
			productRefGroup = A85F3AFB2CACFD4F004D086B /* Products */;
			projectDirPath = "";
			projectRoot = "";
			targets = (
				A85F3AF92CACFD4F004D086B /* StepAtlas */,
				A85F3B092CACFD52004D086B /* StepAtlasTests */,
				A85F3B132CACFD52004D086B /* StepAtlasUITests */,
			);
		};
/* End PBXProject section */

/* Begin PBXResourcesBuildPhase section */
		A85F3AF82CACFD4F004D086B /* Resources */ = {
			isa = PBXResourcesBuildPhase;
			buildActionMask = 2147483647;
			files = (
			);
			runOnlyForDeploymentPostprocessing = 0;
		};
		A85F3B082CACFD52004D086B /* Resources */ = {
			isa = PBXResourcesBuildPhase;
			buildActionMask = 2147483647;
			files = (
			);
			runOnlyForDeploymentPostprocessing = 0;
		};
		A85F3B122CACFD52004D086B /* Resources */ = {
			isa = PBXResourcesBuildPhase;
			buildActionMask = 2147483647;
			files = (
			);
			runOnlyForDeploymentPostprocessing = 0;
		};
/* End PBXResourcesBuildPhase section */

/* Begin PBXSourcesBuildPhase section */
		A85F3AF62CACFD4F004D086B /* Sources */ = {
			isa = PBXSourcesBuildPhase;
			buildActionMask = 2147483647;
			files = (
			);
			runOnlyForDeploymentPostprocessing = 0;
		};
		A85F3B062CACFD52004D086B /* Sources */ = {
			isa = PBXSourcesBuildPhase;
			buildActionMask = 2147483647;
			files = (
			);
			runOnlyForDeploymentPostprocessing = 0;
		};
		A85F3B102CACFD52004D086B /* Sources */ = {
			isa = PBXSourcesBuildPhase;
			buildActionMask = 2147483647;
			files = (
			);
			runOnlyForDeploymentPostprocessing = 0;
		};
/* End PBXSourcesBuildPhase section */

/* Begin PBXTargetDependency section */
		A85F3B0C2CACFD52004D086B /* PBXTargetDependency */ = {
			isa = PBXTargetDependency;
			target = A85F3AF92CACFD4F004D086B /* StepAtlas */;
			targetProxy = A85F3B0B2CACFD52004D086B /* PBXContainerItemProxy */;
		};
		A85F3B162CACFD52004D086B /* PBXTargetDependency */ = {
			isa = PBXTargetDependency;
			target = A85F3AF92CACFD4F004D086B /* StepAtlas */;
			targetProxy = A85F3B152CACFD52004D086B /* PBXContainerItemProxy */;
		};
/* End PBXTargetDependency section */

/* Begin XCBuildConfiguration section */
		A85F3B1C2CACFD52004D086B /* Debug */ = {
			isa = XCBuildConfiguration;
			buildSettings = {
				ALWAYS_SEARCH_USER_PATHS = NO;
				ASSETCATALOG_COMPILER_GENERATE_SWIFT_ASSET_SYMBOL_EXTENSIONS = YES;
				CLANG_ANALYZER_NONNULL = YES;
				CLANG_ANALYZER_NUMBER_OBJECT_CONVERSION = YES_AGGRESSIVE;
				CLANG_CXX_LANGUAGE_STANDARD = "gnu++20";
				CLANG_ENABLE_MODULES = YES;
				CLANG_ENABLE_OBJC_ARC = YES;
				CLANG_ENABLE_OBJC_WEAK = YES;
				CLANG_WARN_BLOCK_CAPTURE_AUTORELEASING = YES;
				CLANG_WARN_BOOL_CONVERSION = YES;
				CLANG_WARN_COMMA = YES;
				CLANG_WARN_CONSTANT_CONVERSION = YES;
				CLANG_WARN_DEPRECATED_OBJC_IMPLEMENTATIONS = YES;
				CLANG_WARN_DIRECT_OBJC_ISA_USAGE = YES_ERROR;
				CLANG_WARN_DOCUMENTATION_COMMENTS = YES;
				CLANG_WARN_EMPTY_BODY = YES;
				CLANG_WARN_ENUM_CONVERSION = YES;
				CLANG_WARN_INFINITE_RECURSION = YES;
				CLANG_WARN_INT_CONVERSION = YES;
				CLANG_WARN_NON_LITERAL_NULL_CONVERSION = YES;
				CLANG_WARN_OBJC_IMPLICIT_RETAIN_SELF = YES;
				CLANG_WARN_OBJC_LITERAL_CONVERSION = YES;
				CLANG_WARN_OBJC_ROOT_CLASS = YES_ERROR;
				CLANG_WARN_QUOTED_INCLUDE_IN_FRAMEWORK_HEADER = YES;
				CLANG_WARN_RANGE_LOOP_ANALYSIS = YES;
				CLANG_WARN_STRICT_PROTOTYPES = YES;
				CLANG_WARN_SUSPICIOUS_MOVE = YES;
				CLANG_WARN_UNGUARDED_AVAILABILITY = YES_AGGRESSIVE;
				CLANG_WARN_UNREACHABLE_CODE = YES;
				CLANG_WARN__DUPLICATE_METHOD_MATCH = YES;
				COPY_PHASE_STRIP = NO;
				DEBUG_INFORMATION_FORMAT = dwarf;
				ENABLE_STRICT_OBJC_MSGSEND = YES;
				ENABLE_TESTABILITY = YES;
				ENABLE_USER_SCRIPT_SANDBOXING = YES;
				GCC_C_LANGUAGE_STANDARD = gnu17;
				GCC_DYNAMIC_NO_PIC = NO;
				GCC_NO_COMMON_BLOCKS = YES;
				GCC_OPTIMIZATION_LEVEL = 0;
				GCC_PREPROCESSOR_DEFINITIONS = (
					"DEBUG=1",
					"$(inherited)",
				);
				GCC_WARN_64_TO_32_BIT_CONVERSION = YES;
				GCC_WARN_ABOUT_RETURN_TYPE = YES_ERROR;
				GCC_WARN_UNDECLARED_SELECTOR = YES;
				GCC_WARN_UNINITIALIZED_AUTOS = YES_AGGRESSIVE;
				GCC_WARN_UNUSED_FUNCTION = YES;
				GCC_WARN_UNUSED_VARIABLE = YES;
				IPHONEOS_DEPLOYMENT_TARGET = 18.0;
				LOCALIZATION_PREFERS_STRING_CATALOGS = YES;
				MTL_ENABLE_DEBUG_INFO = INCLUDE_SOURCE;
				MTL_FAST_MATH = YES;
				ONLY_ACTIVE_ARCH = YES;
				SDKROOT = iphoneos;
				SWIFT_ACTIVE_COMPILATION_CONDITIONS = "DEBUG $(inherited)";
				SWIFT_OPTIMIZATION_LEVEL = "-Onone";
			};
			name = Debug;
		};
		A85F3B1D2CACFD52004D086B /* Release */ = {
			isa = XCBuildConfiguration;
			buildSettings = {
				ALWAYS_SEARCH_USER_PATHS = NO;
				ASSETCATALOG_COMPILER_GENERATE_SWIFT_ASSET_SYMBOL_EXTENSIONS = YES;
				CLANG_ANALYZER_NONNULL = YES;
				CLANG_ANALYZER_NUMBER_OBJECT_CONVERSION = YES_AGGRESSIVE;
				CLANG_CXX_LANGUAGE_STANDARD = "gnu++20";
				CLANG_ENABLE_MODULES = YES;
				CLANG_ENABLE_OBJC_ARC = YES;
				CLANG_ENABLE_OBJC_WEAK = YES;
				CLANG_WARN_BLOCK_CAPTURE_AUTORELEASING = YES;
				CLANG_WARN_BOOL_CONVERSION = YES;
				CLANG_WARN_COMMA = YES;
				CLANG_WARN_CONSTANT_CONVERSION = YES;
				CLANG_WARN_DEPRECATED_OBJC_IMPLEMENTATIONS = YES;
				CLANG_WARN_DIRECT_OBJC_ISA_USAGE = YES_ERROR;
				CLANG_WARN_DOCUMENTATION_COMMENTS = YES;
				CLANG_WARN_EMPTY_BODY = YES;
				CLANG_WARN_ENUM_CONVERSION = YES;
				CLANG_WARN_INFINITE_RECURSION = YES;
				CLANG_WARN_INT_CONVERSION = YES;
				CLANG_WARN_NON_LITERAL_NULL_CONVERSION = YES;
				CLANG_WARN_OBJC_IMPLICIT_RETAIN_SELF = YES;
				CLANG_WARN_OBJC_LITERAL_CONVERSION = YES;
				CLANG_WARN_OBJC_ROOT_CLASS = YES_ERROR;
				CLANG_WARN_QUOTED_INCLUDE_IN_FRAMEWORK_HEADER = YES;
				CLANG_WARN_RANGE_LOOP_ANALYSIS = YES;
				CLANG_WARN_STRICT_PROTOTYPES = YES;
				CLANG_WARN_SUSPICIOUS_MOVE = YES;
				CLANG_WARN_UNGUARDED_AVAILABILITY = YES_AGGRESSIVE;
				CLANG_WARN_UNREACHABLE_CODE = YES;
				CLANG_WARN__DUPLICATE_METHOD_MATCH = YES;
				COPY_PHASE_STRIP = NO;
				DEBUG_INFORMATION_FORMAT = "dwarf-with-dsym";
				ENABLE_NS_ASSERTIONS = NO;
				ENABLE_STRICT_OBJC_MSGSEND = YES;
				ENABLE_USER_SCRIPT_SANDBOXING = YES;
				GCC_C_LANGUAGE_STANDARD = gnu17;
				GCC_NO_COMMON_BLOCKS = YES;
				GCC_WARN_64_TO_32_BIT_CONVERSION = YES;
				GCC_WARN_ABOUT_RETURN_TYPE = YES_ERROR;
				GCC_WARN_UNDECLARED_SELECTOR = YES;
				GCC_WARN_UNINITIALIZED_AUTOS = YES_AGGRESSIVE;
				GCC_WARN_UNUSED_FUNCTION = YES;
				GCC_WARN_UNUSED_VARIABLE = YES;
				IPHONEOS_DEPLOYMENT_TARGET = 18.0;
				LOCALIZATION_PREFERS_STRING_CATALOGS = YES;
				MTL_ENABLE_DEBUG_INFO = NO;
				MTL_FAST_MATH = YES;
				SDKROOT = iphoneos;
				SWIFT_COMPILATION_MODE = wholemodule;
				VALIDATE_PRODUCT = YES;
			};
			name = Release;
		};
		A85F3B1F2CACFD52004D086B /* Debug */ = {
			isa = XCBuildConfiguration;
			buildSettings = {
				ASSETCATALOG_COMPILER_APPICON_NAME = AppIcon;
				ASSETCATALOG_COMPILER_GLOBAL_ACCENT_COLOR_NAME = AccentColor;
				CODE_SIGN_ENTITLEMENTS = StepAtlas/StepAtlas.entitlements;
				CODE_SIGN_STYLE = Automatic;
				CURRENT_PROJECT_VERSION = 1;
				DEVELOPMENT_ASSET_PATHS = "\"StepAtlas/Preview Content\"";
				DEVELOPMENT_TEAM = RN4DX9BGH4;
				ENABLE_PREVIEWS = YES;
				GENERATE_INFOPLIST_FILE = YES;
				INFOPLIST_KEY_NSHealthShareUsageDescription = "Allow app to access your Health data.";
				INFOPLIST_KEY_NSHealthUpdateUsageDescription = "Allow app to update Health data";
				INFOPLIST_KEY_UIApplicationSceneManifest_Generation = YES;
				INFOPLIST_KEY_UIApplicationSupportsIndirectInputEvents = YES;
				INFOPLIST_KEY_UILaunchScreen_Generation = YES;
				INFOPLIST_KEY_UISupportedInterfaceOrientations_iPad = "UIInterfaceOrientationPortrait UIInterfaceOrientationPortraitUpsideDown UIInterfaceOrientationLandscapeLeft UIInterfaceOrientationLandscapeRight";
				INFOPLIST_KEY_UISupportedInterfaceOrientations_iPhone = "UIInterfaceOrientationPortrait UIInterfaceOrientationLandscapeLeft UIInterfaceOrientationLandscapeRight";
				LD_RUNPATH_SEARCH_PATHS = (
					"$(inherited)",
					"@executable_path/Frameworks",
				);
				MARKETING_VERSION = 1.0;
				PRODUCT_BUNDLE_IDENTIFIER = com.PYMK.StepAtlas;
				PRODUCT_NAME = "$(TARGET_NAME)";
				SWIFT_EMIT_LOC_STRINGS = YES;
				SWIFT_VERSION = 5.0;
				TARGETED_DEVICE_FAMILY = "1,2";
			};
			name = Debug;
		};
		A85F3B202CACFD52004D086B /* Release */ = {
			isa = XCBuildConfiguration;
			buildSettings = {
				ASSETCATALOG_COMPILER_APPICON_NAME = AppIcon;
				ASSETCATALOG_COMPILER_GLOBAL_ACCENT_COLOR_NAME = AccentColor;
				CODE_SIGN_ENTITLEMENTS = StepAtlas/StepAtlas.entitlements;
				CODE_SIGN_STYLE = Automatic;
				CURRENT_PROJECT_VERSION = 1;
				DEVELOPMENT_ASSET_PATHS = "\"StepAtlas/Preview Content\"";
				DEVELOPMENT_TEAM = RN4DX9BGH4;
				ENABLE_PREVIEWS = YES;
				GENERATE_INFOPLIST_FILE = YES;
				INFOPLIST_KEY_NSHealthShareUsageDescription = "Allow app to access your Health data.";
				INFOPLIST_KEY_NSHealthUpdateUsageDescription = "Allow app to update Health data";
				INFOPLIST_KEY_UIApplicationSceneManifest_Generation = YES;
				INFOPLIST_KEY_UIApplicationSupportsIndirectInputEvents = YES;
				INFOPLIST_KEY_UILaunchScreen_Generation = YES;
				INFOPLIST_KEY_UISupportedInterfaceOrientations_iPad = "UIInterfaceOrientationPortrait UIInterfaceOrientationPortraitUpsideDown UIInterfaceOrientationLandscapeLeft UIInterfaceOrientationLandscapeRight";
				INFOPLIST_KEY_UISupportedInterfaceOrientations_iPhone = "UIInterfaceOrientationPortrait UIInterfaceOrientationLandscapeLeft UIInterfaceOrientationLandscapeRight";
				LD_RUNPATH_SEARCH_PATHS = (
					"$(inherited)",
					"@executable_path/Frameworks",
				);
				MARKETING_VERSION = 1.0;
				PRODUCT_BUNDLE_IDENTIFIER = com.PYMK.StepAtlas;
				PRODUCT_NAME = "$(TARGET_NAME)";
				SWIFT_EMIT_LOC_STRINGS = YES;
				SWIFT_VERSION = 5.0;
				TARGETED_DEVICE_FAMILY = "1,2";
			};
			name = Release;
		};
		A85F3B222CACFD52004D086B /* Debug */ = {
			isa = XCBuildConfiguration;
			buildSettings = {
				BUNDLE_LOADER = "$(TEST_HOST)";
				CODE_SIGN_STYLE = Automatic;
				CURRENT_PROJECT_VERSION = 1;
				DEVELOPMENT_TEAM = RN4DX9BGH4;
				GENERATE_INFOPLIST_FILE = YES;
				IPHONEOS_DEPLOYMENT_TARGET = 18.0;
				MARKETING_VERSION = 1.0;
				PRODUCT_BUNDLE_IDENTIFIER = com.PYMK.StepAtlasTests;
				PRODUCT_NAME = "$(TARGET_NAME)";
				SWIFT_EMIT_LOC_STRINGS = NO;
				SWIFT_VERSION = 5.0;
				TARGETED_DEVICE_FAMILY = "1,2";
				TEST_HOST = "$(BUILT_PRODUCTS_DIR)/StepAtlas.app/$(BUNDLE_EXECUTABLE_FOLDER_PATH)/StepAtlas";
			};
			name = Debug;
		};
		A85F3B232CACFD52004D086B /* Release */ = {
			isa = XCBuildConfiguration;
			buildSettings = {
				BUNDLE_LOADER = "$(TEST_HOST)";
				CODE_SIGN_STYLE = Automatic;
				CURRENT_PROJECT_VERSION = 1;
				DEVELOPMENT_TEAM = RN4DX9BGH4;
				GENERATE_INFOPLIST_FILE = YES;
				IPHONEOS_DEPLOYMENT_TARGET = 18.0;
				MARKETING_VERSION = 1.0;
				PRODUCT_BUNDLE_IDENTIFIER = com.PYMK.StepAtlasTests;
				PRODUCT_NAME = "$(TARGET_NAME)";
				SWIFT_EMIT_LOC_STRINGS = NO;
				SWIFT_VERSION = 5.0;
				TARGETED_DEVICE_FAMILY = "1,2";
				TEST_HOST = "$(BUILT_PRODUCTS_DIR)/StepAtlas.app/$(BUNDLE_EXECUTABLE_FOLDER_PATH)/StepAtlas";
			};
			name = Release;
		};
		A85F3B252CACFD52004D086B /* Debug */ = {
			isa = XCBuildConfiguration;
			buildSettings = {
				CODE_SIGN_STYLE = Automatic;
				CURRENT_PROJECT_VERSION = 1;
				DEVELOPMENT_TEAM = RN4DX9BGH4;
				GENERATE_INFOPLIST_FILE = YES;
				MARKETING_VERSION = 1.0;
				PRODUCT_BUNDLE_IDENTIFIER = com.PYMK.StepAtlasUITests;
				PRODUCT_NAME = "$(TARGET_NAME)";
				SWIFT_EMIT_LOC_STRINGS = NO;
				SWIFT_VERSION = 5.0;
				TARGETED_DEVICE_FAMILY = "1,2";
				TEST_TARGET_NAME = StepAtlas;
			};
			name = Debug;
		};
		A85F3B262CACFD52004D086B /* Release */ = {
			isa = XCBuildConfiguration;
			buildSettings = {
				CODE_SIGN_STYLE = Automatic;
				CURRENT_PROJECT_VERSION = 1;
				DEVELOPMENT_TEAM = RN4DX9BGH4;
				GENERATE_INFOPLIST_FILE = YES;
				MARKETING_VERSION = 1.0;
				PRODUCT_BUNDLE_IDENTIFIER = com.PYMK.StepAtlasUITests;
				PRODUCT_NAME = "$(TARGET_NAME)";
				SWIFT_EMIT_LOC_STRINGS = NO;
				SWIFT_VERSION = 5.0;
				TARGETED_DEVICE_FAMILY = "1,2";
				TEST_TARGET_NAME = StepAtlas;
			};
			name = Release;
		};
/* End XCBuildConfiguration section */

/* Begin XCConfigurationList section */
		A85F3AF52CACFD4F004D086B /* Build configuration list for PBXProject "StepAtlas" */ = {
			isa = XCConfigurationList;
			buildConfigurations = (
				A85F3B1C2CACFD52004D086B /* Debug */,
				A85F3B1D2CACFD52004D086B /* Release */,
			);
			defaultConfigurationIsVisible = 0;
			defaultConfigurationName = Release;
		};
		A85F3B1E2CACFD52004D086B /* Build configuration list for PBXNativeTarget "StepAtlas" */ = {
			isa = XCConfigurationList;
			buildConfigurations = (
				A85F3B1F2CACFD52004D086B /* Debug */,
				A85F3B202CACFD52004D086B /* Release */,
			);
			defaultConfigurationIsVisible = 0;
			defaultConfigurationName = Release;
		};
		A85F3B212CACFD52004D086B /* Build configuration list for PBXNativeTarget "StepAtlasTests" */ = {
			isa = XCConfigurationList;
			buildConfigurations = (
				A85F3B222CACFD52004D086B /* Debug */,
				A85F3B232CACFD52004D086B /* Release */,
			);
			defaultConfigurationIsVisible = 0;
			defaultConfigurationName = Release;
		};
		A85F3B242CACFD52004D086B /* Build configuration list for PBXNativeTarget "StepAtlasUITests" */ = {
			isa = XCConfigurationList;
			buildConfigurations = (
				A85F3B252CACFD52004D086B /* Debug */,
				A85F3B262CACFD52004D086B /* Release */,
			);
			defaultConfigurationIsVisible = 0;
			defaultConfigurationName = Release;
		};
/* End XCConfigurationList section */
	};
	rootObject = A85F3AF22CACFD4F004D086B /* Project object */;
}
